
Microsoft Visual Studio Solution File, Format Version 12.00
# Visual Studio Version 16
VisualStudioVersion = 16.0.31515.178
MinimumVisualStudioVersion = 10.0.40219.1
Project("{FAE04EC0-301F-11D3-BF4B-00C04F79EFBC}") = "29", "29\29.csproj", "{F4CDFFDB-D874-4797-ACA2-B4254D0D790F}"
EndProject
Global
	GlobalSection(SolutionConfigurationPlatforms) = preSolution
		Debug|Any CPU = Debug|Any CPU
		Release|Any CPU = Release|Any CPU
	EndGlobalSection
	GlobalSection(ProjectConfigurationPlatforms) = postSolution
		{F4CDFFDB-D874-4797-ACA2-B4254D0D790F}.Debug|Any CPU.ActiveCfg = Debug|Any CPU
		{F4CDFFDB-D874-4797-ACA2-B4254D0D790F}.Debug|Any CPU.Build.0 = Debug|Any CPU
		{F4CDFFDB-D874-4797-ACA2-B4254D0D790F}.Release|Any CPU.ActiveCfg = Release|Any CPU
		{F4CDFFDB-D874-4797-ACA2-B4254D0D790F}.Release|Any CPU.Build.0 = Release|Any CPU
	EndGlobalSection
	GlobalSection(SolutionProperties) = preSolution
		HideSolutionNode = FALSE
	EndGlobalSection
	GlobalSection(ExtensibilityGlobals) = postSolution
		SolutionGuid = {0011ED57-529C-4D06-A318-47982F838637}
	EndGlobalSection
EndGlobal
